# THIS IS AN AUTOGENERATED FILE. DO NOT EDIT THIS FILE DIRECTLY.
# yarn lockfile v1


mobx-react-lite@^3.0.0:
  version "3.0.1"
  resolved "https://registry.yarnpkg.com/mobx-react-lite/-/mobx-react-lite-3.0.1.tgz#417f54a819d1e3e00c073077f29373399c95b005"
  integrity sha512-Ue8uGgT5iOjMyNf5ptoFW7BTvyLIwggzIkoFpwORrqf73TPqu47iLpz/DNvaba3v40kSsEpp050qYroMNuA1xw==

mobx-react@^7.0.0:
  version "7.0.0"
  resolved "https://registry.yarnpkg.com/mobx-react/-/mobx-react-7.0.0.tgz#c2eb0c3f79ade93ffb07b1ffa07cbaeb5f04e9b6"
  integrity sha512-yxbTG+ovn/GbgF3+QdQahkL5sXiITtwvkoXM6PNqd0V4jvO53cnr/YM4PYuA+0Ig95IW1nojA3qViJx9ufJm6w==
  dependencies:
    mobx-react-lite "^3.0.0"

mobx@^6.0.1:
  version "6.0.1"
  resolved "https://registry.yarnpkg.com/mobx/-/mobx-6.0.1.tgz#ec23520848527bf7834d7b4c0b54b2a8eb6e7c14"
  integrity sha512-Pk6uJXZ34yqd661yRmS6z/9avm4FOGXpFpVjnEfiYYOsZXnAxv1fpYjxTCEZ9tuwk0Xe1qnUUlgm+rJtGe0YJA==
